
Microsoft Visual Studio Solution File, Format Version 12.00
# Visual Studio Version 17
VisualStudioVersion = 17.10.34928.147
MinimumVisualStudioVersion = 10.0.40219.1
Project("{9A19103F-16F7-4668-BE54-9A1E7A4F7556}") = "GourmetGame", "GourmetGame\GourmetGame.csproj", "{800FC120-1E2F-4329-9F35-24135C98F6A4}"
EndProject
Project("{9A19103F-16F7-4668-BE54-9A1E7A4F7556}") = "BusinessTests", "GourmetGameBusiness\BusinessTests.csproj", "{13F56CD9-396A-4D20-B051-4B0DF5ECF620}"
EndProject
Project("{2150E333-8FDC-42A3-9474-1A3956D46DE8}") = "Itens de Solução", "Itens de Solução", "{047176D2-72BF-4C34-9D80-ABBFB42B1267}"
	ProjectSection(SolutionItems) = preProject
		.gitignore = .gitignore
	EndProjectSection
EndProject
Global
	GlobalSection(SolutionConfigurationPlatforms) = preSolution
		Debug|Any CPU = Debug|Any CPU
		Release|Any CPU = Release|Any CPU
	EndGlobalSection
	GlobalSection(ProjectConfigurationPlatforms) = postSolution
		{800FC120-1E2F-4329-9F35-24135C98F6A4}.Debug|Any CPU.ActiveCfg = Debug|Any CPU
		{800FC120-1E2F-4329-9F35-24135C98F6A4}.Debug|Any CPU.Build.0 = Debug|Any CPU
		{800FC120-1E2F-4329-9F35-24135C98F6A4}.Release|Any CPU.ActiveCfg = Release|Any CPU
		{800FC120-1E2F-4329-9F35-24135C98F6A4}.Release|Any CPU.Build.0 = Release|Any CPU
		{13F56CD9-396A-4D20-B051-4B0DF5ECF620}.Debug|Any CPU.ActiveCfg = Debug|Any CPU
		{13F56CD9-396A-4D20-B051-4B0DF5ECF620}.Debug|Any CPU.Build.0 = Debug|Any CPU
		{13F56CD9-396A-4D20-B051-4B0DF5ECF620}.Release|Any CPU.ActiveCfg = Release|Any CPU
		{13F56CD9-396A-4D20-B051-4B0DF5ECF620}.Release|Any CPU.Build.0 = Release|Any CPU
	EndGlobalSection
	GlobalSection(SolutionProperties) = preSolution
		HideSolutionNode = FALSE
	EndGlobalSection
	GlobalSection(ExtensibilityGlobals) = postSolution
		SolutionGuid = {E4C29174-EBFA-4CB4-AABA-8183B1327C83}
	EndGlobalSection
EndGlobal
